
Microsoft Visual Studio Solution File, Format Version 12.00
# Visual Studio 15
VisualStudioVersion = 15.0.28307.539
MinimumVisualStudioVersion = 10.0.40219.1
Project("{9A19103F-16F7-4668-BE54-9A1E7A4F7556}") = "Powerbar", "source\Powerbar\Powerbar.csproj", "{AFD6E520-EB87-4B64-B7CF-F3888721FCD0}"
EndProject
Project("{9A19103F-16F7-4668-BE54-9A1E7A4F7556}") = "Powerbar.MSTest", "tests\Powerbar.MSTest\Powerbar.MSTest.csproj", "{C6D09F2E-E309-4048-A501-D234C7C191A8}"
EndProject
Project("{F5034706-568F-408A-B7B3-4D38C6DB8A32}") = "build", "build\build.pssproj", "{6F3C1FC2-BF6B-4974-AEC9-54E5952103E0}"
EndProject
Project("{2150E333-8FDC-42A3-9474-1A3956D46DE8}") = ".misc", ".misc", "{4F744B8E-DC48-4400-A674-1200FE40FC1F}"
	ProjectSection(SolutionItems) = preProject
		.gitignore = .gitignore
	EndProjectSection
EndProject
Project("{FAE04EC0-301F-11D3-BF4B-00C04F79EFBC}") = "Powerbar.VSIX", "source\Powerbar.VSIX\Powerbar.VSIX.csproj", "{FEB31E1B-30B9-40B2-BCAC-EE90024B6152}"
EndProject
Global
	GlobalSection(SolutionConfigurationPlatforms) = preSolution
		Debug|Any CPU = Debug|Any CPU
		Release|Any CPU = Release|Any CPU
	EndGlobalSection
	GlobalSection(ProjectConfigurationPlatforms) = postSolution
		{AFD6E520-EB87-4B64-B7CF-F3888721FCD0}.Debug|Any CPU.ActiveCfg = Debug|Any CPU
		{AFD6E520-EB87-4B64-B7CF-F3888721FCD0}.Debug|Any CPU.Build.0 = Debug|Any CPU
		{AFD6E520-EB87-4B64-B7CF-F3888721FCD0}.Release|Any CPU.ActiveCfg = Release|Any CPU
		{AFD6E520-EB87-4B64-B7CF-F3888721FCD0}.Release|Any CPU.Build.0 = Release|Any CPU
		{C6D09F2E-E309-4048-A501-D234C7C191A8}.Debug|Any CPU.ActiveCfg = Debug|Any CPU
		{C6D09F2E-E309-4048-A501-D234C7C191A8}.Debug|Any CPU.Build.0 = Debug|Any CPU
		{C6D09F2E-E309-4048-A501-D234C7C191A8}.Release|Any CPU.ActiveCfg = Release|Any CPU
		{C6D09F2E-E309-4048-A501-D234C7C191A8}.Release|Any CPU.Build.0 = Release|Any CPU
		{6F3C1FC2-BF6B-4974-AEC9-54E5952103E0}.Debug|Any CPU.ActiveCfg = Debug|Any CPU
		{6F3C1FC2-BF6B-4974-AEC9-54E5952103E0}.Debug|Any CPU.Build.0 = Debug|Any CPU
		{6F3C1FC2-BF6B-4974-AEC9-54E5952103E0}.Release|Any CPU.ActiveCfg = Release|Any CPU
		{6F3C1FC2-BF6B-4974-AEC9-54E5952103E0}.Release|Any CPU.Build.0 = Release|Any CPU
		{FEB31E1B-30B9-40B2-BCAC-EE90024B6152}.Debug|Any CPU.ActiveCfg = Debug|Any CPU
		{FEB31E1B-30B9-40B2-BCAC-EE90024B6152}.Debug|Any CPU.Build.0 = Debug|Any CPU
		{FEB31E1B-30B9-40B2-BCAC-EE90024B6152}.Release|Any CPU.ActiveCfg = Release|Any CPU
		{FEB31E1B-30B9-40B2-BCAC-EE90024B6152}.Release|Any CPU.Build.0 = Release|Any CPU
	EndGlobalSection
	GlobalSection(SolutionProperties) = preSolution
		HideSolutionNode = FALSE
	EndGlobalSection
	GlobalSection(ExtensibilityGlobals) = postSolution
		SolutionGuid = {308C4326-D0BF-4F7C-B07B-95ACED293A8D}
	EndGlobalSection
EndGlobal
